
Microsoft Visual Studio Solution File, Format Version 12.00
# Visual Studio Version 17
VisualStudioVersion = 17.3.32922.545
MinimumVisualStudioVersion = 10.0.40219.1
Project("{FAE04EC0-301F-11D3-BF4B-00C04F79EFBC}") = "WpfBaseLesson", "WpfBaseLesson\WpfBaseLesson.csproj", "{F555CE0A-5F1C-4167-92A7-FC86995CA1B2}"
EndProject
Global
	GlobalSection(SolutionConfigurationPlatforms) = preSolution
		Debug|Any CPU = Debug|Any CPU
		Release|Any CPU = Release|Any CPU
	EndGlobalSection
	GlobalSection(ProjectConfigurationPlatforms) = postSolution
		{F555CE0A-5F1C-4167-92A7-FC86995CA1B2}.Debug|Any CPU.ActiveCfg = Debug|Any CPU
		{F555CE0A-5F1C-4167-92A7-FC86995CA1B2}.Debug|Any CPU.Build.0 = Debug|Any CPU
		{F555CE0A-5F1C-4167-92A7-FC86995CA1B2}.Release|Any CPU.ActiveCfg = Release|Any CPU
		{F555CE0A-5F1C-4167-92A7-FC86995CA1B2}.Release|Any CPU.Build.0 = Release|Any CPU
	EndGlobalSection
	GlobalSection(SolutionProperties) = preSolution
		HideSolutionNode = FALSE
	EndGlobalSection
	GlobalSection(ExtensibilityGlobals) = postSolution
		SolutionGuid = {173C2E20-81F5-45BF-9760-FC0385CDAFD0}
	EndGlobalSection
EndGlobal
